
Microsoft Visual Studio Solution File, Format Version 12.00
# Visual Studio Version 16
VisualStudioVersion = 16.0.29920.165
MinimumVisualStudioVersion = 10.0.40219.1
Project("{FAE04EC0-301F-11D3-BF4B-00C04F79EFBC}") = "SistemScolardeInregistrare", "SistemScolardeInregistrare.csproj", "{8982375D-E1F5-49C0-81F8-AB4F8DC04AD1}"
EndProject
Global
	GlobalSection(SolutionConfigurationPlatforms) = preSolution
		Debug|Any CPU = Debug|Any CPU
		Release|Any CPU = Release|Any CPU
	EndGlobalSection
	GlobalSection(ProjectConfigurationPlatforms) = postSolution
		{8982375D-E1F5-49C0-81F8-AB4F8DC04AD1}.Debug|Any CPU.ActiveCfg = Debug|Any CPU
		{8982375D-E1F5-49C0-81F8-AB4F8DC04AD1}.Debug|Any CPU.Build.0 = Debug|Any CPU
		{8982375D-E1F5-49C0-81F8-AB4F8DC04AD1}.Release|Any CPU.ActiveCfg = Release|Any CPU
		{8982375D-E1F5-49C0-81F8-AB4F8DC04AD1}.Release|Any CPU.Build.0 = Release|Any CPU
	EndGlobalSection
	GlobalSection(SolutionProperties) = preSolution
		HideSolutionNode = FALSE
	EndGlobalSection
	GlobalSection(ExtensibilityGlobals) = postSolution
		SolutionGuid = {65FE29EC-7A75-408B-A803-243AECE2F5B9}
	EndGlobalSection
EndGlobal
